
Microsoft Visual Studio Solution File, Format Version 12.00
# Visual Studio Version 16
VisualStudioVersion = 16.0.30804.86
MinimumVisualStudioVersion = 10.0.40219.1
Project("{FAE04EC0-301F-11D3-BF4B-00C04F79EFBC}") = "WebAPI", "WebAPI\WebAPI.csproj", "{075AD0BB-56EE-46BF-A570-B61D329A0E63}"
EndProject
Global
	GlobalSection(SolutionConfigurationPlatforms) = preSolution
		Debug|Any CPU = Debug|Any CPU
		Release|Any CPU = Release|Any CPU
	EndGlobalSection
	GlobalSection(ProjectConfigurationPlatforms) = postSolution
		{075AD0BB-56EE-46BF-A570-B61D329A0E63}.Debug|Any CPU.ActiveCfg = Debug|Any CPU
		{075AD0BB-56EE-46BF-A570-B61D329A0E63}.Debug|Any CPU.Build.0 = Debug|Any CPU
		{075AD0BB-56EE-46BF-A570-B61D329A0E63}.Release|Any CPU.ActiveCfg = Release|Any CPU
		{075AD0BB-56EE-46BF-A570-B61D329A0E63}.Release|Any CPU.Build.0 = Release|Any CPU
	EndGlobalSection
	GlobalSection(SolutionProperties) = preSolution
		HideSolutionNode = FALSE
	EndGlobalSection
	GlobalSection(ExtensibilityGlobals) = postSolution
		SolutionGuid = {DD5E3E4B-D05D-4E62-9204-EB9E4FA29E47}
	EndGlobalSection
EndGlobal
